
Microsoft Visual Studio Solution File, Format Version 12.00
# Visual Studio Version 17
VisualStudioVersion = 17.5.2.0
MinimumVisualStudioVersion = 10.0.40219.1
Project("{2150E333-8FDC-42A3-9474-1A3956D46DE8}") = "src", "src", "{827E0CD3-B72D-47B6-A68D-7590B98EB39B}"
EndProject
Project("{FAE04EC0-301F-11D3-BF4B-00C04F79EFBC}") = "audcap", "src\audcap\audcap.csproj", "{8C644CA0-D29C-E178-64AA-6DB1926B5C93}"
EndProject
Project("{FAE04EC0-301F-11D3-BF4B-00C04F79EFBC}") = "audcap.Tests", "src\audcap.Tests\audcap.Tests.csproj", "{1443CF22-98B7-39B0-C1DD-F731B6BFF154}"
EndProject
Project("{FAE04EC0-301F-11D3-BF4B-00C04F79EFBC}") = "playbk", "src\playbk\playbk.csproj", "{67E7F3A1-F498-4BE0-DA3E-8E334B59E20B}"
EndProject
Project("{FAE04EC0-301F-11D3-BF4B-00C04F79EFBC}") = "playbk.Tests", "src\playbk.Tests\playbk.Tests.csproj", "{27B8BAFF-3EAB-BDC0-623A-00CFA8FB1DC6}"
EndProject
Project("{FAE04EC0-301F-11D3-BF4B-00C04F79EFBC}") = "shared", "src\shared\shared.csproj", "{99507BA0-BB0B-3FD9-D8E2-2AE9B409CB73}"
EndProject
Project("{FAE04EC0-301F-11D3-BF4B-00C04F79EFBC}") = "shared.Tests", "src\shared.Tests\shared.Tests.csproj", "{AE8D1CE0-85C3-2F88-C056-7CE740A74C10}"
EndProject
Project("{FAE04EC0-301F-11D3-BF4B-00C04F79EFBC}") = "vidcap", "src\vidcap\vidcap.csproj", "{BDD2CE8B-6B06-6C89-2424-D166768F0AAE}"
EndProject
Project("{FAE04EC0-301F-11D3-BF4B-00C04F79EFBC}") = "vidcap.Tests", "src\vidcap.Tests\vidcap.Tests.csproj", "{810106CA-794D-4592-744C-53C0058E4978}"
EndProject
Project("{FAE04EC0-301F-11D3-BF4B-00C04F79EFBC}") = "outcap", "src\outcap\outcap.csproj", "{72673537-6550-48DA-BF50-CE86B98E0A84}"
EndProject
Project("{FAE04EC0-301F-11D3-BF4B-00C04F79EFBC}") = "outcap.Tests", "src\outcap.Tests\outcap.Tests.csproj", "{AA264C76-8B32-43C5-BA37-74B87BDD2F32}"
EndProject
Project("{FAE04EC0-301F-11D3-BF4B-00C04F79EFBC}") = "inpctl", "src\inpctl\inpctl.csproj", "{ECBF0EF8-A45F-4675-9E8C-914E7F17583C}"
EndProject
Project("{FAE04EC0-301F-11D3-BF4B-00C04F79EFBC}") = "txtfnd", "src\txtfnd\txtfnd.csproj", "{77283187-C90A-4336-8862-EF5EE0A7BCF2}"
EndProject
Project("{FAE04EC0-301F-11D3-BF4B-00C04F79EFBC}") = "scrcap", "src\scrcap\scrcap.csproj", "{672AB3AE-9974-4387-8EEC-FB0EC74A2B5C}"
EndProject
Project("{FAE04EC0-301F-11D3-BF4B-00C04F79EFBC}") = "waitfr", "src\waitfr\waitfr.csproj", "{99DBE487-D5BD-4093-8FF8-3E1C308482D7}"
EndProject
Project("{FAE04EC0-301F-11D3-BF4B-00C04F79EFBC}") = "imgfnd", "src\imgfnd\imgfnd.csproj", "{90EEAEFD-201D-40A2-A946-643602777D25}"
EndProject
Project("{FAE04EC0-301F-11D3-BF4B-00C04F79EFBC}") = "stpcap", "src\stpcap\stpcap.csproj", "{AC515CE5-0884-4E27-8FB5-3FDE3025428C}"
EndProject
Project("{FAE04EC0-301F-11D3-BF4B-00C04F79EFBC}") = "spkbak", "src\spkbak\spkbak.csproj", "{6DDCE467-C19C-43D4-B39C-AD557E8C04DD}"
EndProject
Project("{FAE04EC0-301F-11D3-BF4B-00C04F79EFBC}") = "cnvrtr", "src\cnvrtr\cnvrtr.csproj", "{6C7C09C2-8001-4A9E-80D6-6A4EDBA5B71B}"
EndProject
Project("{FAE04EC0-301F-11D3-BF4B-00C04F79EFBC}") = "cnvrtr.Tests", "src\cnvrtr.Tests\cnvrtr.Tests.csproj", "{020FB779-A6FF-4141-B9C5-F84F05F47740}"
EndProject
Project("{FAE04EC0-301F-11D3-BF4B-00C04F79EFBC}") = "txtfnd.Tests", "src\txtfnd.Tests\txtfnd.Tests.csproj", "{50C4EAF3-E6F8-46AF-B729-541F8F25B0D3}"
EndProject
Project("{FAE04EC0-301F-11D3-BF4B-00C04F79EFBC}") = "scrcap.Tests", "src\scrcap.Tests\scrcap.Tests.csproj", "{75FE399F-AC8B-495E-A3FC-237A660E2EA1}"
EndProject
Project("{FAE04EC0-301F-11D3-BF4B-00C04F79EFBC}") = "stpcap.Tests", "src\stpcap.Tests\stpcap.Tests.csproj", "{88139504-8D61-4467-B934-33FA030A51E2}"
EndProject
Project("{FAE04EC0-301F-11D3-BF4B-00C04F79EFBC}") = "waitfr.Tests", "src\waitfr.Tests\waitfr.Tests.csproj", "{6711FF3B-461E-47AA-8511-A9DF13C3A6B3}"
EndProject
Project("{FAE04EC0-301F-11D3-BF4B-00C04F79EFBC}") = "imgfnd.Tests", "src\imgfnd.Tests\imgfnd.Tests.csproj", "{B8647E71-7394-40A9-9482-572BFE4D44E7}"
EndProject
Project("{FAE04EC0-301F-11D3-BF4B-00C04F79EFBC}") = "spkbak.Tests", "src\spkbak.Tests\spkbak.Tests.csproj", "{DB3635EA-F4FA-4EC8-8829-E124FE02E26D}"
EndProject
Global
	GlobalSection(SolutionConfigurationPlatforms) = preSolution
		Debug|Any CPU = Debug|Any CPU
		Debug|x64 = Debug|x64
		Debug|x86 = Debug|x86
		Release|Any CPU = Release|Any CPU
		Release|x64 = Release|x64
		Release|x86 = Release|x86
	EndGlobalSection
	GlobalSection(ProjectConfigurationPlatforms) = postSolution
		{8C644CA0-D29C-E178-64AA-6DB1926B5C93}.Debug|Any CPU.ActiveCfg = Debug|Any CPU
		{8C644CA0-D29C-E178-64AA-6DB1926B5C93}.Debug|Any CPU.Build.0 = Debug|Any CPU
		{8C644CA0-D29C-E178-64AA-6DB1926B5C93}.Debug|x64.ActiveCfg = Debug|Any CPU
		{8C644CA0-D29C-E178-64AA-6DB1926B5C93}.Debug|x64.Build.0 = Debug|Any CPU
		{8C644CA0-D29C-E178-64AA-6DB1926B5C93}.Debug|x86.ActiveCfg = Debug|Any CPU
		{8C644CA0-D29C-E178-64AA-6DB1926B5C93}.Debug|x86.Build.0 = Debug|Any CPU
		{8C644CA0-D29C-E178-64AA-6DB1926B5C93}.Release|Any CPU.ActiveCfg = Release|Any CPU
		{8C644CA0-D29C-E178-64AA-6DB1926B5C93}.Release|Any CPU.Build.0 = Release|Any CPU
		{8C644CA0-D29C-E178-64AA-6DB1926B5C93}.Release|x64.ActiveCfg = Release|Any CPU
		{8C644CA0-D29C-E178-64AA-6DB1926B5C93}.Release|x64.Build.0 = Release|Any CPU
		{8C644CA0-D29C-E178-64AA-6DB1926B5C93}.Release|x86.ActiveCfg = Release|Any CPU
		{8C644CA0-D29C-E178-64AA-6DB1926B5C93}.Release|x86.Build.0 = Release|Any CPU
		{1443CF22-98B7-39B0-C1DD-F731B6BFF154}.Debug|Any CPU.ActiveCfg = Debug|Any CPU
		{1443CF22-98B7-39B0-C1DD-F731B6BFF154}.Debug|Any CPU.Build.0 = Debug|Any CPU
		{1443CF22-98B7-39B0-C1DD-F731B6BFF154}.Debug|x64.ActiveCfg = Debug|Any CPU
		{1443CF22-98B7-39B0-C1DD-F731B6BFF154}.Debug|x64.Build.0 = Debug|Any CPU
		{1443CF22-98B7-39B0-C1DD-F731B6BFF154}.Debug|x86.ActiveCfg = Debug|Any CPU
		{1443CF22-98B7-39B0-C1DD-F731B6BFF154}.Debug|x86.Build.0 = Debug|Any CPU
		{1443CF22-98B7-39B0-C1DD-F731B6BFF154}.Release|Any CPU.ActiveCfg = Release|Any CPU
		{1443CF22-98B7-39B0-C1DD-F731B6BFF154}.Release|Any CPU.Build.0 = Release|Any CPU
		{1443CF22-98B7-39B0-C1DD-F731B6BFF154}.Release|x64.ActiveCfg = Release|Any CPU
		{1443CF22-98B7-39B0-C1DD-F731B6BFF154}.Release|x64.Build.0 = Release|Any CPU
		{1443CF22-98B7-39B0-C1DD-F731B6BFF154}.Release|x86.ActiveCfg = Release|Any CPU
		{1443CF22-98B7-39B0-C1DD-F731B6BFF154}.Release|x86.Build.0 = Release|Any CPU
		{67E7F3A1-F498-4BE0-DA3E-8E334B59E20B}.Debug|Any CPU.ActiveCfg = Debug|Any CPU
		{67E7F3A1-F498-4BE0-DA3E-8E334B59E20B}.Debug|Any CPU.Build.0 = Debug|Any CPU
		{67E7F3A1-F498-4BE0-DA3E-8E334B59E20B}.Debug|x64.ActiveCfg = Debug|Any CPU
		{67E7F3A1-F498-4BE0-DA3E-8E334B59E20B}.Debug|x64.Build.0 = Debug|Any CPU
		{67E7F3A1-F498-4BE0-DA3E-8E334B59E20B}.Debug|x86.ActiveCfg = Debug|Any CPU
		{67E7F3A1-F498-4BE0-DA3E-8E334B59E20B}.Debug|x86.Build.0 = Debug|Any CPU
		{67E7F3A1-F498-4BE0-DA3E-8E334B59E20B}.Release|Any CPU.ActiveCfg = Release|Any CPU
		{67E7F3A1-F498-4BE0-DA3E-8E334B59E20B}.Release|Any CPU.Build.0 = Release|Any CPU
		{67E7F3A1-F498-4BE0-DA3E-8E334B59E20B}.Release|x64.ActiveCfg = Release|Any CPU
		{67E7F3A1-F498-4BE0-DA3E-8E334B59E20B}.Release|x64.Build.0 = Release|Any CPU
		{67E7F3A1-F498-4BE0-DA3E-8E334B59E20B}.Release|x86.ActiveCfg = Release|Any CPU
		{67E7F3A1-F498-4BE0-DA3E-8E334B59E20B}.Release|x86.Build.0 = Release|Any CPU
		{27B8BAFF-3EAB-BDC0-623A-00CFA8FB1DC6}.Debug|Any CPU.ActiveCfg = Debug|Any CPU
		{27B8BAFF-3EAB-BDC0-623A-00CFA8FB1DC6}.Debug|Any CPU.Build.0 = Debug|Any CPU
		{27B8BAFF-3EAB-BDC0-623A-00CFA8FB1DC6}.Debug|x64.ActiveCfg = Debug|Any CPU
		{27B8BAFF-3EAB-BDC0-623A-00CFA8FB1DC6}.Debug|x64.Build.0 = Debug|Any CPU
		{27B8BAFF-3EAB-BDC0-623A-00CFA8FB1DC6}.Debug|x86.ActiveCfg = Debug|Any CPU
		{27B8BAFF-3EAB-BDC0-623A-00CFA8FB1DC6}.Debug|x86.Build.0 = Debug|Any CPU
		{27B8BAFF-3EAB-BDC0-623A-00CFA8FB1DC6}.Release|Any CPU.ActiveCfg = Release|Any CPU
		{27B8BAFF-3EAB-BDC0-623A-00CFA8FB1DC6}.Release|Any CPU.Build.0 = Release|Any CPU
		{27B8BAFF-3EAB-BDC0-623A-00CFA8FB1DC6}.Release|x64.ActiveCfg = Release|Any CPU
		{27B8BAFF-3EAB-BDC0-623A-00CFA8FB1DC6}.Release|x64.Build.0 = Release|Any CPU
		{27B8BAFF-3EAB-BDC0-623A-00CFA8FB1DC6}.Release|x86.ActiveCfg = Release|Any CPU
		{27B8BAFF-3EAB-BDC0-623A-00CFA8FB1DC6}.Release|x86.Build.0 = Release|Any CPU
		{99507BA0-BB0B-3FD9-D8E2-2AE9B409CB73}.Debug|Any CPU.ActiveCfg = Debug|Any CPU
		{99507BA0-BB0B-3FD9-D8E2-2AE9B409CB73}.Debug|Any CPU.Build.0 = Debug|Any CPU
		{99507BA0-BB0B-3FD9-D8E2-2AE9B409CB73}.Debug|x64.ActiveCfg = Debug|Any CPU
		{99507BA0-BB0B-3FD9-D8E2-2AE9B409CB73}.Debug|x64.Build.0 = Debug|Any CPU
		{99507BA0-BB0B-3FD9-D8E2-2AE9B409CB73}.Debug|x86.ActiveCfg = Debug|Any CPU
		{99507BA0-BB0B-3FD9-D8E2-2AE9B409CB73}.Debug|x86.Build.0 = Debug|Any CPU
		{99507BA0-BB0B-3FD9-D8E2-2AE9B409CB73}.Release|Any CPU.ActiveCfg = Release|Any CPU
		{99507BA0-BB0B-3FD9-D8E2-2AE9B409CB73}.Release|Any CPU.Build.0 = Release|Any CPU
		{99507BA0-BB0B-3FD9-D8E2-2AE9B409CB73}.Release|x64.ActiveCfg = Release|Any CPU
		{99507BA0-BB0B-3FD9-D8E2-2AE9B409CB73}.Release|x64.Build.0 = Release|Any CPU
		{99507BA0-BB0B-3FD9-D8E2-2AE9B409CB73}.Release|x86.ActiveCfg = Release|Any CPU
		{99507BA0-BB0B-3FD9-D8E2-2AE9B409CB73}.Release|x86.Build.0 = Release|Any CPU
		{AE8D1CE0-85C3-2F88-C056-7CE740A74C10}.Debug|Any CPU.ActiveCfg = Debug|Any CPU
		{AE8D1CE0-85C3-2F88-C056-7CE740A74C10}.Debug|Any CPU.Build.0 = Debug|Any CPU
		{AE8D1CE0-85C3-2F88-C056-7CE740A74C10}.Debug|x64.ActiveCfg = Debug|Any CPU
		{AE8D1CE0-85C3-2F88-C056-7CE740A74C10}.Debug|x64.Build.0 = Debug|Any CPU
		{AE8D1CE0-85C3-2F88-C056-7CE740A74C10}.Debug|x86.ActiveCfg = Debug|Any CPU
		{AE8D1CE0-85C3-2F88-C056-7CE740A74C10}.Debug|x86.Build.0 = Debug|Any CPU
		{AE8D1CE0-85C3-2F88-C056-7CE740A74C10}.Release|Any CPU.ActiveCfg = Release|Any CPU
		{AE8D1CE0-85C3-2F88-C056-7CE740A74C10}.Release|Any CPU.Build.0 = Release|Any CPU
		{AE8D1CE0-85C3-2F88-C056-7CE740A74C10}.Release|x64.ActiveCfg = Release|Any CPU
		{AE8D1CE0-85C3-2F88-C056-7CE740A74C10}.Release|x64.Build.0 = Release|Any CPU
		{AE8D1CE0-85C3-2F88-C056-7CE740A74C10}.Release|x86.ActiveCfg = Release|Any CPU
		{AE8D1CE0-85C3-2F88-C056-7CE740A74C10}.Release|x86.Build.0 = Release|Any CPU
		{BDD2CE8B-6B06-6C89-2424-D166768F0AAE}.Debug|Any CPU.ActiveCfg = Debug|Any CPU
		{BDD2CE8B-6B06-6C89-2424-D166768F0AAE}.Debug|Any CPU.Build.0 = Debug|Any CPU
		{BDD2CE8B-6B06-6C89-2424-D166768F0AAE}.Debug|x64.ActiveCfg = Debug|Any CPU
		{BDD2CE8B-6B06-6C89-2424-D166768F0AAE}.Debug|x64.Build.0 = Debug|Any CPU
		{BDD2CE8B-6B06-6C89-2424-D166768F0AAE}.Debug|x86.ActiveCfg = Debug|Any CPU
		{BDD2CE8B-6B06-6C89-2424-D166768F0AAE}.Debug|x86.Build.0 = Debug|Any CPU
		{BDD2CE8B-6B06-6C89-2424-D166768F0AAE}.Release|Any CPU.ActiveCfg = Release|Any CPU
		{BDD2CE8B-6B06-6C89-2424-D166768F0AAE}.Release|Any CPU.Build.0 = Release|Any CPU
		{BDD2CE8B-6B06-6C89-2424-D166768F0AAE}.Release|x64.ActiveCfg = Release|Any CPU
		{BDD2CE8B-6B06-6C89-2424-D166768F0AAE}.Release|x64.Build.0 = Release|Any CPU
		{BDD2CE8B-6B06-6C89-2424-D166768F0AAE}.Release|x86.ActiveCfg = Release|Any CPU
		{BDD2CE8B-6B06-6C89-2424-D166768F0AAE}.Release|x86.Build.0 = Release|Any CPU
		{810106CA-794D-4592-744C-53C0058E4978}.Debug|Any CPU.ActiveCfg = Debug|Any CPU
		{810106CA-794D-4592-744C-53C0058E4978}.Debug|Any CPU.Build.0 = Debug|Any CPU
		{810106CA-794D-4592-744C-53C0058E4978}.Debug|x64.ActiveCfg = Debug|Any CPU
		{810106CA-794D-4592-744C-53C0058E4978}.Debug|x64.Build.0 = Debug|Any CPU
		{810106CA-794D-4592-744C-53C0058E4978}.Debug|x86.ActiveCfg = Debug|Any CPU
		{810106CA-794D-4592-744C-53C0058E4978}.Debug|x86.Build.0 = Debug|Any CPU
		{810106CA-794D-4592-744C-53C0058E4978}.Release|Any CPU.ActiveCfg = Release|Any CPU
		{810106CA-794D-4592-744C-53C0058E4978}.Release|Any CPU.Build.0 = Release|Any CPU
		{810106CA-794D-4592-744C-53C0058E4978}.Release|x64.ActiveCfg = Release|Any CPU
		{810106CA-794D-4592-744C-53C0058E4978}.Release|x64.Build.0 = Release|Any CPU
		{810106CA-794D-4592-744C-53C0058E4978}.Release|x86.ActiveCfg = Release|Any CPU
		{810106CA-794D-4592-744C-53C0058E4978}.Release|x86.Build.0 = Release|Any CPU
		{72673537-6550-48DA-BF50-CE86B98E0A84}.Debug|Any CPU.ActiveCfg = Debug|Any CPU
		{72673537-6550-48DA-BF50-CE86B98E0A84}.Debug|Any CPU.Build.0 = Debug|Any CPU
		{72673537-6550-48DA-BF50-CE86B98E0A84}.Debug|x64.ActiveCfg = Debug|Any CPU
		{72673537-6550-48DA-BF50-CE86B98E0A84}.Debug|x64.Build.0 = Debug|Any CPU
		{72673537-6550-48DA-BF50-CE86B98E0A84}.Debug|x86.ActiveCfg = Debug|Any CPU
		{72673537-6550-48DA-BF50-CE86B98E0A84}.Debug|x86.Build.0 = Debug|Any CPU
		{72673537-6550-48DA-BF50-CE86B98E0A84}.Release|Any CPU.ActiveCfg = Release|Any CPU
		{72673537-6550-48DA-BF50-CE86B98E0A84}.Release|Any CPU.Build.0 = Release|Any CPU
		{72673537-6550-48DA-BF50-CE86B98E0A84}.Release|x64.ActiveCfg = Release|Any CPU
		{72673537-6550-48DA-BF50-CE86B98E0A84}.Release|x64.Build.0 = Release|Any CPU
		{72673537-6550-48DA-BF50-CE86B98E0A84}.Release|x86.ActiveCfg = Release|Any CPU
		{72673537-6550-48DA-BF50-CE86B98E0A84}.Release|x86.Build.0 = Release|Any CPU
		{AA264C76-8B32-43C5-BA37-74B87BDD2F32}.Debug|Any CPU.ActiveCfg = Debug|Any CPU
		{AA264C76-8B32-43C5-BA37-74B87BDD2F32}.Debug|Any CPU.Build.0 = Debug|Any CPU
		{AA264C76-8B32-43C5-BA37-74B87BDD2F32}.Debug|x64.ActiveCfg = Debug|Any CPU
		{AA264C76-8B32-43C5-BA37-74B87BDD2F32}.Debug|x64.Build.0 = Debug|Any CPU
		{AA264C76-8B32-43C5-BA37-74B87BDD2F32}.Debug|x86.ActiveCfg = Debug|Any CPU
		{AA264C76-8B32-43C5-BA37-74B87BDD2F32}.Debug|x86.Build.0 = Debug|Any CPU
		{AA264C76-8B32-43C5-BA37-74B87BDD2F32}.Release|Any CPU.ActiveCfg = Release|Any CPU
		{AA264C76-8B32-43C5-BA37-74B87BDD2F32}.Release|Any CPU.Build.0 = Release|Any CPU
		{AA264C76-8B32-43C5-BA37-74B87BDD2F32}.Release|x64.ActiveCfg = Release|Any CPU
		{AA264C76-8B32-43C5-BA37-74B87BDD2F32}.Release|x64.Build.0 = Release|Any CPU
		{AA264C76-8B32-43C5-BA37-74B87BDD2F32}.Release|x86.ActiveCfg = Release|Any CPU
		{AA264C76-8B32-43C5-BA37-74B87BDD2F32}.Release|x86.Build.0 = Release|Any CPU
		{ECBF0EF8-A45F-4675-9E8C-914E7F17583C}.Debug|Any CPU.ActiveCfg = Debug|Any CPU
		{ECBF0EF8-A45F-4675-9E8C-914E7F17583C}.Debug|Any CPU.Build.0 = Debug|Any CPU
		{ECBF0EF8-A45F-4675-9E8C-914E7F17583C}.Debug|x64.ActiveCfg = Debug|Any CPU
		{ECBF0EF8-A45F-4675-9E8C-914E7F17583C}.Debug|x64.Build.0 = Debug|Any CPU
		{ECBF0EF8-A45F-4675-9E8C-914E7F17583C}.Debug|x86.ActiveCfg = Debug|Any CPU
		{ECBF0EF8-A45F-4675-9E8C-914E7F17583C}.Debug|x86.Build.0 = Debug|Any CPU
		{ECBF0EF8-A45F-4675-9E8C-914E7F17583C}.Release|Any CPU.ActiveCfg = Release|Any CPU
		{ECBF0EF8-A45F-4675-9E8C-914E7F17583C}.Release|Any CPU.Build.0 = Release|Any CPU
		{ECBF0EF8-A45F-4675-9E8C-914E7F17583C}.Release|x64.ActiveCfg = Release|Any CPU
		{ECBF0EF8-A45F-4675-9E8C-914E7F17583C}.Release|x64.Build.0 = Release|Any CPU
		{ECBF0EF8-A45F-4675-9E8C-914E7F17583C}.Release|x86.ActiveCfg = Release|Any CPU
		{ECBF0EF8-A45F-4675-9E8C-914E7F17583C}.Release|x86.Build.0 = Release|Any CPU
		{77283187-C90A-4336-8862-EF5EE0A7BCF2}.Debug|Any CPU.ActiveCfg = Debug|Any CPU
		{77283187-C90A-4336-8862-EF5EE0A7BCF2}.Debug|Any CPU.Build.0 = Debug|Any CPU
		{77283187-C90A-4336-8862-EF5EE0A7BCF2}.Debug|x64.ActiveCfg = Debug|Any CPU
		{77283187-C90A-4336-8862-EF5EE0A7BCF2}.Debug|x64.Build.0 = Debug|Any CPU
		{77283187-C90A-4336-8862-EF5EE0A7BCF2}.Debug|x86.ActiveCfg = Debug|Any CPU
		{77283187-C90A-4336-8862-EF5EE0A7BCF2}.Debug|x86.Build.0 = Debug|Any CPU
		{77283187-C90A-4336-8862-EF5EE0A7BCF2}.Release|Any CPU.ActiveCfg = Release|Any CPU
		{77283187-C90A-4336-8862-EF5EE0A7BCF2}.Release|Any CPU.Build.0 = Release|Any CPU
		{77283187-C90A-4336-8862-EF5EE0A7BCF2}.Release|x64.ActiveCfg = Release|Any CPU
		{77283187-C90A-4336-8862-EF5EE0A7BCF2}.Release|x64.Build.0 = Release|Any CPU
		{77283187-C90A-4336-8862-EF5EE0A7BCF2}.Release|x86.ActiveCfg = Release|Any CPU
		{77283187-C90A-4336-8862-EF5EE0A7BCF2}.Release|x86.Build.0 = Release|Any CPU
		{672AB3AE-9974-4387-8EEC-FB0EC74A2B5C}.Debug|Any CPU.ActiveCfg = Debug|Any CPU
		{672AB3AE-9974-4387-8EEC-FB0EC74A2B5C}.Debug|Any CPU.Build.0 = Debug|Any CPU
		{672AB3AE-9974-4387-8EEC-FB0EC74A2B5C}.Debug|x64.ActiveCfg = Debug|Any CPU
		{672AB3AE-9974-4387-8EEC-FB0EC74A2B5C}.Debug|x64.Build.0 = Debug|Any CPU
		{672AB3AE-9974-4387-8EEC-FB0EC74A2B5C}.Debug|x86.ActiveCfg = Debug|Any CPU
		{672AB3AE-9974-4387-8EEC-FB0EC74A2B5C}.Debug|x86.Build.0 = Debug|Any CPU
		{672AB3AE-9974-4387-8EEC-FB0EC74A2B5C}.Release|Any CPU.ActiveCfg = Release|Any CPU
		{672AB3AE-9974-4387-8EEC-FB0EC74A2B5C}.Release|Any CPU.Build.0 = Release|Any CPU
		{672AB3AE-9974-4387-8EEC-FB0EC74A2B5C}.Release|x64.ActiveCfg = Release|Any CPU
		{672AB3AE-9974-4387-8EEC-FB0EC74A2B5C}.Release|x64.Build.0 = Release|Any CPU
		{672AB3AE-9974-4387-8EEC-FB0EC74A2B5C}.Release|x86.ActiveCfg = Release|Any CPU
		{672AB3AE-9974-4387-8EEC-FB0EC74A2B5C}.Release|x86.Build.0 = Release|Any CPU
		{99DBE487-D5BD-4093-8FF8-3E1C308482D7}.Debug|Any CPU.ActiveCfg = Debug|Any CPU
		{99DBE487-D5BD-4093-8FF8-3E1C308482D7}.Debug|Any CPU.Build.0 = Debug|Any CPU
		{99DBE487-D5BD-4093-8FF8-3E1C308482D7}.Debug|x64.ActiveCfg = Debug|Any CPU
		{99DBE487-D5BD-4093-8FF8-3E1C308482D7}.Debug|x64.Build.0 = Debug|Any CPU
		{99DBE487-D5BD-4093-8FF8-3E1C308482D7}.Debug|x86.ActiveCfg = Debug|Any CPU
		{99DBE487-D5BD-4093-8FF8-3E1C308482D7}.Debug|x86.Build.0 = Debug|Any CPU
		{99DBE487-D5BD-4093-8FF8-3E1C308482D7}.Release|Any CPU.ActiveCfg = Release|Any CPU
		{99DBE487-D5BD-4093-8FF8-3E1C308482D7}.Release|Any CPU.Build.0 = Release|Any CPU
		{99DBE487-D5BD-4093-8FF8-3E1C308482D7}.Release|x64.ActiveCfg = Release|Any CPU
		{99DBE487-D5BD-4093-8FF8-3E1C308482D7}.Release|x64.Build.0 = Release|Any CPU
		{99DBE487-D5BD-4093-8FF8-3E1C308482D7}.Release|x86.ActiveCfg = Release|Any CPU
		{99DBE487-D5BD-4093-8FF8-3E1C308482D7}.Release|x86.Build.0 = Release|Any CPU
		{90EEAEFD-201D-40A2-A946-643602777D25}.Debug|Any CPU.ActiveCfg = Debug|Any CPU
		{90EEAEFD-201D-40A2-A946-643602777D25}.Debug|Any CPU.Build.0 = Debug|Any CPU
		{90EEAEFD-201D-40A2-A946-643602777D25}.Debug|x64.ActiveCfg = Debug|Any CPU
		{90EEAEFD-201D-40A2-A946-643602777D25}.Debug|x64.Build.0 = Debug|Any CPU
		{90EEAEFD-201D-40A2-A946-643602777D25}.Debug|x86.ActiveCfg = Debug|Any CPU
		{90EEAEFD-201D-40A2-A946-643602777D25}.Debug|x86.Build.0 = Debug|Any CPU
		{90EEAEFD-201D-40A2-A946-643602777D25}.Release|Any CPU.ActiveCfg = Release|Any CPU
		{90EEAEFD-201D-40A2-A946-643602777D25}.Release|Any CPU.Build.0 = Release|Any CPU
		{90EEAEFD-201D-40A2-A946-643602777D25}.Release|x64.ActiveCfg = Release|Any CPU
		{90EEAEFD-201D-40A2-A946-643602777D25}.Release|x64.Build.0 = Release|Any CPU
		{90EEAEFD-201D-40A2-A946-643602777D25}.Release|x86.ActiveCfg = Release|Any CPU
		{90EEAEFD-201D-40A2-A946-643602777D25}.Release|x86.Build.0 = Release|Any CPU
		{AC515CE5-0884-4E27-8FB5-3FDE3025428C}.Debug|Any CPU.ActiveCfg = Debug|Any CPU
		{AC515CE5-0884-4E27-8FB5-3FDE3025428C}.Debug|Any CPU.Build.0 = Debug|Any CPU
		{AC515CE5-0884-4E27-8FB5-3FDE3025428C}.Debug|x64.ActiveCfg = Debug|Any CPU
		{AC515CE5-0884-4E27-8FB5-3FDE3025428C}.Debug|x64.Build.0 = Debug|Any CPU
		{AC515CE5-0884-4E27-8FB5-3FDE3025428C}.Debug|x86.ActiveCfg = Debug|Any CPU
		{AC515CE5-0884-4E27-8FB5-3FDE3025428C}.Debug|x86.Build.0 = Debug|Any CPU
		{AC515CE5-0884-4E27-8FB5-3FDE3025428C}.Release|Any CPU.ActiveCfg = Release|Any CPU
		{AC515CE5-0884-4E27-8FB5-3FDE3025428C}.Release|Any CPU.Build.0 = Release|Any CPU
		{AC515CE5-0884-4E27-8FB5-3FDE3025428C}.Release|x64.ActiveCfg = Release|Any CPU
		{AC515CE5-0884-4E27-8FB5-3FDE3025428C}.Release|x64.Build.0 = Release|Any CPU
		{AC515CE5-0884-4E27-8FB5-3FDE3025428C}.Release|x86.ActiveCfg = Release|Any CPU
		{AC515CE5-0884-4E27-8FB5-3FDE3025428C}.Release|x86.Build.0 = Release|Any CPU
		{6DDCE467-C19C-43D4-B39C-AD557E8C04DD}.Debug|Any CPU.ActiveCfg = Debug|Any CPU
		{6DDCE467-C19C-43D4-B39C-AD557E8C04DD}.Debug|Any CPU.Build.0 = Debug|Any CPU
		{6DDCE467-C19C-43D4-B39C-AD557E8C04DD}.Debug|x64.ActiveCfg = Debug|Any CPU
		{6DDCE467-C19C-43D4-B39C-AD557E8C04DD}.Debug|x64.Build.0 = Debug|Any CPU
		{6DDCE467-C19C-43D4-B39C-AD557E8C04DD}.Debug|x86.ActiveCfg = Debug|Any CPU
		{6DDCE467-C19C-43D4-B39C-AD557E8C04DD}.Debug|x86.Build.0 = Debug|Any CPU
		{6DDCE467-C19C-43D4-B39C-AD557E8C04DD}.Release|Any CPU.ActiveCfg = Release|Any CPU
		{6DDCE467-C19C-43D4-B39C-AD557E8C04DD}.Release|Any CPU.Build.0 = Release|Any CPU
		{6DDCE467-C19C-43D4-B39C-AD557E8C04DD}.Release|x64.ActiveCfg = Release|Any CPU
		{6DDCE467-C19C-43D4-B39C-AD557E8C04DD}.Release|x64.Build.0 = Release|Any CPU
		{6DDCE467-C19C-43D4-B39C-AD557E8C04DD}.Release|x86.ActiveCfg = Release|Any CPU
		{6DDCE467-C19C-43D4-B39C-AD557E8C04DD}.Release|x86.Build.0 = Release|Any CPU
		{6C7C09C2-8001-4A9E-80D6-6A4EDBA5B71B}.Debug|Any CPU.ActiveCfg = Debug|Any CPU
		{6C7C09C2-8001-4A9E-80D6-6A4EDBA5B71B}.Debug|Any CPU.Build.0 = Debug|Any CPU
		{6C7C09C2-8001-4A9E-80D6-6A4EDBA5B71B}.Debug|x64.ActiveCfg = Debug|Any CPU
		{6C7C09C2-8001-4A9E-80D6-6A4EDBA5B71B}.Debug|x64.Build.0 = Debug|Any CPU
		{6C7C09C2-8001-4A9E-80D6-6A4EDBA5B71B}.Debug|x86.ActiveCfg = Debug|Any CPU
		{6C7C09C2-8001-4A9E-80D6-6A4EDBA5B71B}.Debug|x86.Build.0 = Debug|Any CPU
		{6C7C09C2-8001-4A9E-80D6-6A4EDBA5B71B}.Release|Any CPU.ActiveCfg = Release|Any CPU
		{6C7C09C2-8001-4A9E-80D6-6A4EDBA5B71B}.Release|Any CPU.Build.0 = Release|Any CPU
		{6C7C09C2-8001-4A9E-80D6-6A4EDBA5B71B}.Release|x64.ActiveCfg = Release|Any CPU
		{6C7C09C2-8001-4A9E-80D6-6A4EDBA5B71B}.Release|x64.Build.0 = Release|Any CPU
		{6C7C09C2-8001-4A9E-80D6-6A4EDBA5B71B}.Release|x86.ActiveCfg = Release|Any CPU
		{6C7C09C2-8001-4A9E-80D6-6A4EDBA5B71B}.Release|x86.Build.0 = Release|Any CPU
		{020FB779-A6FF-4141-B9C5-F84F05F47740}.Debug|Any CPU.ActiveCfg = Debug|Any CPU
		{020FB779-A6FF-4141-B9C5-F84F05F47740}.Debug|Any CPU.Build.0 = Debug|Any CPU
		{020FB779-A6FF-4141-B9C5-F84F05F47740}.Debug|x64.ActiveCfg = Debug|Any CPU
		{020FB779-A6FF-4141-B9C5-F84F05F47740}.Debug|x64.Build.0 = Debug|Any CPU
		{020FB779-A6FF-4141-B9C5-F84F05F47740}.Debug|x86.ActiveCfg = Debug|Any CPU
		{020FB779-A6FF-4141-B9C5-F84F05F47740}.Debug|x86.Build.0 = Debug|Any CPU
		{020FB779-A6FF-4141-B9C5-F84F05F47740}.Release|Any CPU.ActiveCfg = Release|Any CPU
		{020FB779-A6FF-4141-B9C5-F84F05F47740}.Release|Any CPU.Build.0 = Release|Any CPU
		{020FB779-A6FF-4141-B9C5-F84F05F47740}.Release|x64.ActiveCfg = Release|Any CPU
		{020FB779-A6FF-4141-B9C5-F84F05F47740}.Release|x64.Build.0 = Release|Any CPU
		{020FB779-A6FF-4141-B9C5-F84F05F47740}.Release|x86.ActiveCfg = Release|Any CPU
		{020FB779-A6FF-4141-B9C5-F84F05F47740}.Release|x86.Build.0 = Release|Any CPU
		{50C4EAF3-E6F8-46AF-B729-541F8F25B0D3}.Debug|Any CPU.ActiveCfg = Debug|Any CPU
		{50C4EAF3-E6F8-46AF-B729-541F8F25B0D3}.Debug|Any CPU.Build.0 = Debug|Any CPU
		{50C4EAF3-E6F8-46AF-B729-541F8F25B0D3}.Debug|x64.ActiveCfg = Debug|Any CPU
		{50C4EAF3-E6F8-46AF-B729-541F8F25B0D3}.Debug|x64.Build.0 = Debug|Any CPU
		{50C4EAF3-E6F8-46AF-B729-541F8F25B0D3}.Debug|x86.ActiveCfg = Debug|Any CPU
		{50C4EAF3-E6F8-46AF-B729-541F8F25B0D3}.Debug|x86.Build.0 = Debug|Any CPU
		{50C4EAF3-E6F8-46AF-B729-541F8F25B0D3}.Release|Any CPU.ActiveCfg = Release|Any CPU
		{50C4EAF3-E6F8-46AF-B729-541F8F25B0D3}.Release|Any CPU.Build.0 = Release|Any CPU
		{50C4EAF3-E6F8-46AF-B729-541F8F25B0D3}.Release|x64.ActiveCfg = Release|Any CPU
		{50C4EAF3-E6F8-46AF-B729-541F8F25B0D3}.Release|x64.Build.0 = Release|Any CPU
		{50C4EAF3-E6F8-46AF-B729-541F8F25B0D3}.Release|x86.ActiveCfg = Release|Any CPU
		{50C4EAF3-E6F8-46AF-B729-541F8F25B0D3}.Release|x86.Build.0 = Release|Any CPU
		{75FE399F-AC8B-495E-A3FC-237A660E2EA1}.Debug|Any CPU.ActiveCfg = Debug|Any CPU
		{75FE399F-AC8B-495E-A3FC-237A660E2EA1}.Debug|Any CPU.Build.0 = Debug|Any CPU
		{75FE399F-AC8B-495E-A3FC-237A660E2EA1}.Debug|x64.ActiveCfg = Debug|Any CPU
		{75FE399F-AC8B-495E-A3FC-237A660E2EA1}.Debug|x64.Build.0 = Debug|Any CPU
		{75FE399F-AC8B-495E-A3FC-237A660E2EA1}.Debug|x86.ActiveCfg = Debug|Any CPU
		{75FE399F-AC8B-495E-A3FC-237A660E2EA1}.Debug|x86.Build.0 = Debug|Any CPU
		{75FE399F-AC8B-495E-A3FC-237A660E2EA1}.Release|Any CPU.ActiveCfg = Release|Any CPU
		{75FE399F-AC8B-495E-A3FC-237A660E2EA1}.Release|Any CPU.Build.0 = Release|Any CPU
		{75FE399F-AC8B-495E-A3FC-237A660E2EA1}.Release|x64.ActiveCfg = Release|Any CPU
		{75FE399F-AC8B-495E-A3FC-237A660E2EA1}.Release|x64.Build.0 = Release|Any CPU
		{75FE399F-AC8B-495E-A3FC-237A660E2EA1}.Release|x86.ActiveCfg = Release|Any CPU
		{75FE399F-AC8B-495E-A3FC-237A660E2EA1}.Release|x86.Build.0 = Release|Any CPU
		{88139504-8D61-4467-B934-33FA030A51E2}.Debug|Any CPU.ActiveCfg = Debug|Any CPU
		{88139504-8D61-4467-B934-33FA030A51E2}.Debug|Any CPU.Build.0 = Debug|Any CPU
		{88139504-8D61-4467-B934-33FA030A51E2}.Debug|x64.ActiveCfg = Debug|Any CPU
		{88139504-8D61-4467-B934-33FA030A51E2}.Debug|x64.Build.0 = Debug|Any CPU
		{88139504-8D61-4467-B934-33FA030A51E2}.Debug|x86.ActiveCfg = Debug|Any CPU
		{88139504-8D61-4467-B934-33FA030A51E2}.Debug|x86.Build.0 = Debug|Any CPU
		{88139504-8D61-4467-B934-33FA030A51E2}.Release|Any CPU.ActiveCfg = Release|Any CPU
		{88139504-8D61-4467-B934-33FA030A51E2}.Release|Any CPU.Build.0 = Release|Any CPU
		{88139504-8D61-4467-B934-33FA030A51E2}.Release|x64.ActiveCfg = Release|Any CPU
		{88139504-8D61-4467-B934-33FA030A51E2}.Release|x64.Build.0 = Release|Any CPU
		{88139504-8D61-4467-B934-33FA030A51E2}.Release|x86.ActiveCfg = Release|Any CPU
		{88139504-8D61-4467-B934-33FA030A51E2}.Release|x86.Build.0 = Release|Any CPU
		{6711FF3B-461E-47AA-8511-A9DF13C3A6B3}.Debug|Any CPU.ActiveCfg = Debug|Any CPU
		{6711FF3B-461E-47AA-8511-A9DF13C3A6B3}.Debug|Any CPU.Build.0 = Debug|Any CPU
		{6711FF3B-461E-47AA-8511-A9DF13C3A6B3}.Debug|x64.ActiveCfg = Debug|Any CPU
		{6711FF3B-461E-47AA-8511-A9DF13C3A6B3}.Debug|x64.Build.0 = Debug|Any CPU
		{6711FF3B-461E-47AA-8511-A9DF13C3A6B3}.Debug|x86.ActiveCfg = Debug|Any CPU
		{6711FF3B-461E-47AA-8511-A9DF13C3A6B3}.Debug|x86.Build.0 = Debug|Any CPU
		{6711FF3B-461E-47AA-8511-A9DF13C3A6B3}.Release|Any CPU.ActiveCfg = Release|Any CPU
		{6711FF3B-461E-47AA-8511-A9DF13C3A6B3}.Release|Any CPU.Build.0 = Release|Any CPU
		{6711FF3B-461E-47AA-8511-A9DF13C3A6B3}.Release|x64.ActiveCfg = Release|Any CPU
		{6711FF3B-461E-47AA-8511-A9DF13C3A6B3}.Release|x64.Build.0 = Release|Any CPU
		{6711FF3B-461E-47AA-8511-A9DF13C3A6B3}.Release|x86.ActiveCfg = Release|Any CPU
		{6711FF3B-461E-47AA-8511-A9DF13C3A6B3}.Release|x86.Build.0 = Release|Any CPU
		{B8647E71-7394-40A9-9482-572BFE4D44E7}.Debug|Any CPU.ActiveCfg = Debug|Any CPU
		{B8647E71-7394-40A9-9482-572BFE4D44E7}.Debug|Any CPU.Build.0 = Debug|Any CPU
		{B8647E71-7394-40A9-9482-572BFE4D44E7}.Debug|x64.ActiveCfg = Debug|Any CPU
		{B8647E71-7394-40A9-9482-572BFE4D44E7}.Debug|x64.Build.0 = Debug|Any CPU
		{B8647E71-7394-40A9-9482-572BFE4D44E7}.Debug|x86.ActiveCfg = Debug|Any CPU
		{B8647E71-7394-40A9-9482-572BFE4D44E7}.Debug|x86.Build.0 = Debug|Any CPU
		{B8647E71-7394-40A9-9482-572BFE4D44E7}.Release|Any CPU.ActiveCfg = Release|Any CPU
		{B8647E71-7394-40A9-9482-572BFE4D44E7}.Release|Any CPU.Build.0 = Release|Any CPU
		{B8647E71-7394-40A9-9482-572BFE4D44E7}.Release|x64.ActiveCfg = Release|Any CPU
		{B8647E71-7394-40A9-9482-572BFE4D44E7}.Release|x64.Build.0 = Release|Any CPU
		{B8647E71-7394-40A9-9482-572BFE4D44E7}.Release|x86.ActiveCfg = Release|Any CPU
		{B8647E71-7394-40A9-9482-572BFE4D44E7}.Release|x86.Build.0 = Release|Any CPU
		{DB3635EA-F4FA-4EC8-8829-E124FE02E26D}.Debug|Any CPU.ActiveCfg = Debug|Any CPU
		{DB3635EA-F4FA-4EC8-8829-E124FE02E26D}.Debug|Any CPU.Build.0 = Debug|Any CPU
		{DB3635EA-F4FA-4EC8-8829-E124FE02E26D}.Debug|x64.ActiveCfg = Debug|Any CPU
		{DB3635EA-F4FA-4EC8-8829-E124FE02E26D}.Debug|x64.Build.0 = Debug|Any CPU
		{DB3635EA-F4FA-4EC8-8829-E124FE02E26D}.Debug|x86.ActiveCfg = Debug|Any CPU
		{DB3635EA-F4FA-4EC8-8829-E124FE02E26D}.Debug|x86.Build.0 = Debug|Any CPU
		{DB3635EA-F4FA-4EC8-8829-E124FE02E26D}.Release|Any CPU.ActiveCfg = Release|Any CPU
		{DB3635EA-F4FA-4EC8-8829-E124FE02E26D}.Release|Any CPU.Build.0 = Release|Any CPU
		{DB3635EA-F4FA-4EC8-8829-E124FE02E26D}.Release|x64.ActiveCfg = Release|Any CPU
		{DB3635EA-F4FA-4EC8-8829-E124FE02E26D}.Release|x64.Build.0 = Release|Any CPU
		{DB3635EA-F4FA-4EC8-8829-E124FE02E26D}.Release|x86.ActiveCfg = Release|Any CPU
		{DB3635EA-F4FA-4EC8-8829-E124FE02E26D}.Release|x86.Build.0 = Release|Any CPU
	EndGlobalSection
	GlobalSection(SolutionProperties) = preSolution
		HideSolutionNode = FALSE
	EndGlobalSection
	GlobalSection(NestedProjects) = preSolution
		{8C644CA0-D29C-E178-64AA-6DB1926B5C93} = {827E0CD3-B72D-47B6-A68D-7590B98EB39B}
		{1443CF22-98B7-39B0-C1DD-F731B6BFF154} = {827E0CD3-B72D-47B6-A68D-7590B98EB39B}
		{67E7F3A1-F498-4BE0-DA3E-8E334B59E20B} = {827E0CD3-B72D-47B6-A68D-7590B98EB39B}
		{27B8BAFF-3EAB-BDC0-623A-00CFA8FB1DC6} = {827E0CD3-B72D-47B6-A68D-7590B98EB39B}
		{99507BA0-BB0B-3FD9-D8E2-2AE9B409CB73} = {827E0CD3-B72D-47B6-A68D-7590B98EB39B}
		{AE8D1CE0-85C3-2F88-C056-7CE740A74C10} = {827E0CD3-B72D-47B6-A68D-7590B98EB39B}
		{BDD2CE8B-6B06-6C89-2424-D166768F0AAE} = {827E0CD3-B72D-47B6-A68D-7590B98EB39B}
		{810106CA-794D-4592-744C-53C0058E4978} = {827E0CD3-B72D-47B6-A68D-7590B98EB39B}
		{72673537-6550-48DA-BF50-CE86B98E0A84} = {827E0CD3-B72D-47B6-A68D-7590B98EB39B}
		{AA264C76-8B32-43C5-BA37-74B87BDD2F32} = {827E0CD3-B72D-47B6-A68D-7590B98EB39B}
		{ECBF0EF8-A45F-4675-9E8C-914E7F17583C} = {827E0CD3-B72D-47B6-A68D-7590B98EB39B}
		{77283187-C90A-4336-8862-EF5EE0A7BCF2} = {827E0CD3-B72D-47B6-A68D-7590B98EB39B}
		{672AB3AE-9974-4387-8EEC-FB0EC74A2B5C} = {827E0CD3-B72D-47B6-A68D-7590B98EB39B}
		{99DBE487-D5BD-4093-8FF8-3E1C308482D7} = {827E0CD3-B72D-47B6-A68D-7590B98EB39B}
		{90EEAEFD-201D-40A2-A946-643602777D25} = {827E0CD3-B72D-47B6-A68D-7590B98EB39B}
		{AC515CE5-0884-4E27-8FB5-3FDE3025428C} = {827E0CD3-B72D-47B6-A68D-7590B98EB39B}
		{6DDCE467-C19C-43D4-B39C-AD557E8C04DD} = {827E0CD3-B72D-47B6-A68D-7590B98EB39B}
		{6C7C09C2-8001-4A9E-80D6-6A4EDBA5B71B} = {827E0CD3-B72D-47B6-A68D-7590B98EB39B}
		{020FB779-A6FF-4141-B9C5-F84F05F47740} = {827E0CD3-B72D-47B6-A68D-7590B98EB39B}
		{50C4EAF3-E6F8-46AF-B729-541F8F25B0D3} = {827E0CD3-B72D-47B6-A68D-7590B98EB39B}
		{75FE399F-AC8B-495E-A3FC-237A660E2EA1} = {827E0CD3-B72D-47B6-A68D-7590B98EB39B}
		{88139504-8D61-4467-B934-33FA030A51E2} = {827E0CD3-B72D-47B6-A68D-7590B98EB39B}
		{6711FF3B-461E-47AA-8511-A9DF13C3A6B3} = {827E0CD3-B72D-47B6-A68D-7590B98EB39B}
		{B8647E71-7394-40A9-9482-572BFE4D44E7} = {827E0CD3-B72D-47B6-A68D-7590B98EB39B}
		{DB3635EA-F4FA-4EC8-8829-E124FE02E26D} = {827E0CD3-B72D-47B6-A68D-7590B98EB39B}
	EndGlobalSection
	GlobalSection(ExtensibilityGlobals) = postSolution
		SolutionGuid = {40290509-A178-4FD1-886E-C9BA58943FBC}
	EndGlobalSection
EndGlobal
